
Microsoft Visual Studio Solution File, Format Version 12.00
# Visual Studio Version 17
VisualStudioVersion = 17.4.33205.214
MinimumVisualStudioVersion = 10.0.40219.1
Project("{9A19103F-16F7-4668-BE54-9A1E7A4F7556}") = "discord_bot_garrisson", "discord_bot_garrisson\discord_bot_garrisson.csproj", "{78292EB5-BFD4-40BE-AA06-EE17E8456833}"
EndProject
Project("{9A19103F-16F7-4668-BE54-9A1E7A4F7556}") = "Bot_common", "Bot_common\Bot_common.csproj", "{4A0BBF55-1A9C-4ED0-934D-3027D0A73583}"
EndProject
Global
	GlobalSection(SolutionConfigurationPlatforms) = preSolution
		Debug|Any CPU = Debug|Any CPU
		Release|Any CPU = Release|Any CPU
	EndGlobalSection
	GlobalSection(ProjectConfigurationPlatforms) = postSolution
		{78292EB5-BFD4-40BE-AA06-EE17E8456833}.Debug|Any CPU.ActiveCfg = Debug|Any CPU
		{78292EB5-BFD4-40BE-AA06-EE17E8456833}.Debug|Any CPU.Build.0 = Debug|Any CPU
		{78292EB5-BFD4-40BE-AA06-EE17E8456833}.Release|Any CPU.ActiveCfg = Release|Any CPU
		{78292EB5-BFD4-40BE-AA06-EE17E8456833}.Release|Any CPU.Build.0 = Release|Any CPU
		{4A0BBF55-1A9C-4ED0-934D-3027D0A73583}.Debug|Any CPU.ActiveCfg = Debug|Any CPU
		{4A0BBF55-1A9C-4ED0-934D-3027D0A73583}.Debug|Any CPU.Build.0 = Debug|Any CPU
		{4A0BBF55-1A9C-4ED0-934D-3027D0A73583}.Release|Any CPU.ActiveCfg = Release|Any CPU
		{4A0BBF55-1A9C-4ED0-934D-3027D0A73583}.Release|Any CPU.Build.0 = Release|Any CPU
	EndGlobalSection
	GlobalSection(SolutionProperties) = preSolution
		HideSolutionNode = FALSE
	EndGlobalSection
	GlobalSection(ExtensibilityGlobals) = postSolution
		SolutionGuid = {6A88A2F4-8B1C-4CFD-B676-B2F71E379261}
	EndGlobalSection
EndGlobal
